PODS:
  - Alamofire (5.5.0)
  - Differentiator (5.0.0)
  - Kingfisher (7.2.0)
  - MaterialComponents/Availability (124.2.0)
  - MaterialComponents/BottomSheet (124.2.0):
    - MaterialComponents/Elevation
    - MaterialComponents/private/KeyboardWatcher
    - MaterialComponents/private/Math
    - MaterialComponents/ShadowElevations
    - MaterialComponents/ShadowLayer
    - MaterialComponents/ShapeLibrary
    - MaterialComponents/Shapes
  - MaterialComponents/Elevation (124.2.0):
    - MaterialComponents/Availability
    - MaterialComponents/private/Color
    - MaterialComponents/private/Math
  - MaterialComponents/private/Application (124.2.0)
  - MaterialComponents/private/Color (124.2.0):
    - MaterialComponents/Availability
  - MaterialComponents/private/KeyboardWatcher (124.2.0):
    - MaterialComponents/private/Application
  - MaterialComponents/private/Math (124.2.0)
  - MaterialComponents/ShadowElevations (124.2.0)
  - MaterialComponents/ShadowLayer (124.2.0):
    - MaterialComponents/ShadowElevations
  - MaterialComponents/ShapeLibrary (124.2.0):
    - MaterialComponents/private/Math
    - MaterialComponents/Shapes
  - MaterialComponents/Shapes (124.2.0):
    - MaterialComponents/private/Color
    - MaterialComponents/private/Math
    - MaterialComponents/ShadowLayer
  - NMapsMap (3.14.1)
  - Pageboy (3.6.2)
  - PryntTrimmerView (4.0.2)
  - RxCocoa (6.5.0):
    - RxRelay (= 6.5.0)
    - RxSwift (= 6.5.0)
  - RxDataSources (5.0.0):
    - Differentiator (~> 5.0)
    - RxCocoa (~> 6.0)
    - RxSwift (~> 6.0)
  - RxRelay (6.5.0):
    - RxSwift (= 6.5.0)
  - RxSwift (6.5.0)
  - RxViewController (2.0.0):
    - RxCocoa (~> 6.0)
    - RxSwift (~> 6.0)
  - SnapKit (5.0.1)
  - SteviaLayout (4.7.3)
  - Tabman (2.12.0):
    - Pageboy (~> 3.6.0)
  - Then (2.7.0)
  - YPImagePicker (5.2.1):
    - PryntTrimmerView (= 4.0.2)
    - SteviaLayout (= 4.7.3)

DEPENDENCIES:
  - Alamofire
  - Kingfisher
  - MaterialComponents/BottomSheet
  - NMapsMap
  - RxCocoa
  - RxDataSources
  - RxSwift
  - RxViewController
  - SnapKit
  - Tabman (~> 2.12)
  - Then
  - YPImagePicker

SPEC REPOS:
  trunk:
    - Alamofire
    - Differentiator
    - Kingfisher
    - MaterialComponents
    - NMapsMap
    - Pageboy
    - PryntTrimmerView
    - RxCocoa
    - RxDataSources
    - RxRelay
    - RxSwift
    - RxViewController
    - SnapKit
    - SteviaLayout
    - Tabman
    - Then
    - YPImagePicker

SPEC CHECKSUMS:
  Alamofire: 1c4fb5369c3fe93d2857c780d8bbe09f06f97e7c
  Differentiator: e8497ceab83c1b10ca233716d547b9af21b9344d
  Kingfisher: 3ac0b75b155cabc0e544877d1a4deea29feece92
  MaterialComponents: 1a9b2d9d45b1601ae544de85089adc4c464306d4
  NMapsMap: 79bae4e0d7cc5214dd6dabdb95687a1356616556
  Pageboy: cf121b9dd48c63f3f281b2a9ec93d02e0f23879b
  PryntTrimmerView: 6a43cc90df5d99addeabd33d4ba09b1365322130
  RxCocoa: 94f817b71c07517321eb4f9ad299112ca8af743b
  RxDataSources: aa47cc1ed6c500fa0dfecac5c979b723542d79cf
  RxRelay: 1de1523e604c72b6c68feadedd1af3b1b4d0ecbd
  RxSwift: 5710a9e6b17f3c3d6e40d6e559b9fa1e813b2ef8
  RxViewController: 56486fa0afd629a1d6b5ba077f3b8cd9dc31b5d2
  SnapKit: 97b92857e3df3a0c71833cce143274bf6ef8e5eb
  SteviaLayout: c2ecdcff57d44e38fd2f65e54ad52aeae28ca0c4
  Tabman: 447a50447ed2869c39ab3b1a779327e43e067c4e
  Then: acfe0be7e98221c6204e12f8161459606d5d822d
  YPImagePicker: f36043210c10b0783034eb1947d6e06e31c461e4

PODFILE CHECKSUM: b866c4c0259d79eb0b35eb7c603035730ecab2da

COCOAPODS: 1.11.2
