// !$*UTF8*$!
{
	archiveVersion = 1;
	classes = {
	};
	objectVersion = 55;
	objects = {

/* Begin PBXBuildFile section */
		3A7D358079476DF3ECF3F75A /* Pods_hipchon.framework in Frameworks */ = {isa = PBXBuildFile; fileRef = 7D95E75F856206A0F1A096E8 /* Pods_hipchon.framework */; };
		D83E538927AA496A0047A05C /* tmp.storyboard in Resources */ = {isa = PBXBuildFile; fileRef = D83E538827AA496A0047A05C /* tmp.storyboard */; };
		D841C86E27A6C224005B8C25 /* UIView+.swift in Sources */ = {isa = PBXBuildFile; fileRef = D841C86D27A6C224005B8C25 /* UIView+.swift */; };
		D841C87027A6C554005B8C25 /* CateogryCollectionViewCell.swift in Sources */ = {isa = PBXBuildFile; fileRef = D841C86F27A6C552005B8C25 /* CateogryCollectionViewCell.swift */; };
		D88FAF7D27A67D6F00E41F4F /* AppDelegate.swift in Sources */ = {isa = PBXBuildFile; fileRef = D88FAF7C27A67D6F00E41F4F /* AppDelegate.swift */; };
		D88FAF7F27A67D6F00E41F4F /* SceneDelegate.swift in Sources */ = {isa = PBXBuildFile; fileRef = D88FAF7E27A67D6F00E41F4F /* SceneDelegate.swift */; };
		D88FAF8127A67D6F00E41F4F /* LoginViewController.swift in Sources */ = {isa = PBXBuildFile; fileRef = D88FAF8027A67D6F00E41F4F /* LoginViewController.swift */; };
		D88FAF8627A67D7100E41F4F /* Assets.xcassets in Resources */ = {isa = PBXBuildFile; fileRef = D88FAF8527A67D7100E41F4F /* Assets.xcassets */; };
		D88FAF8927A67D7100E41F4F /* LaunchScreen.storyboard in Resources */ = {isa = PBXBuildFile; fileRef = D88FAF8727A67D7100E41F4F /* LaunchScreen.storyboard */; };
		D88FAF9127A689B500E41F4F /* LoginViewModel.swift in Sources */ = {isa = PBXBuildFile; fileRef = D88FAF9027A689B500E41F4F /* LoginViewModel.swift */; };
		D88FAF9327A68A7900E41F4F /* LoginModel.swift in Sources */ = {isa = PBXBuildFile; fileRef = D88FAF9227A68A7900E41F4F /* LoginModel.swift */; };
		D88FAF9527A68AD500E41F4F /* HomeViewController.swift in Sources */ = {isa = PBXBuildFile; fileRef = D88FAF9427A68AD500E41F4F /* HomeViewController.swift */; };
		D88FAF9727A68ADB00E41F4F /* HomeViewModel.swift in Sources */ = {isa = PBXBuildFile; fileRef = D88FAF9627A68ADB00E41F4F /* HomeViewModel.swift */; };
		D8E7756427A810C0005E037D /* MainFilterView.swift in Sources */ = {isa = PBXBuildFile; fileRef = D8E7756327A810C0005E037D /* MainFilterView.swift */; };
		D8E7756627A81178005E037D /* MainFilterViewModel.swift in Sources */ = {isa = PBXBuildFile; fileRef = D8E7756527A81178005E037D /* MainFilterViewModel.swift */; };
/* End PBXBuildFile section */

/* Begin PBXFileReference section */
		78BDEC32C7850AC383E0A7E5 /* Pods-hipchon.release.xcconfig */ = {isa = PBXFileReference; includeInIndex = 1; lastKnownFileType = text.xcconfig; name = "Pods-hipchon.release.xcconfig"; path = "Target Support Files/Pods-hipchon/Pods-hipchon.release.xcconfig"; sourceTree = "<group>"; };
		7D95E75F856206A0F1A096E8 /* Pods_hipchon.framework */ = {isa = PBXFileReference; explicitFileType = wrapper.framework; includeInIndex = 0; path = Pods_hipchon.framework; sourceTree = BUILT_PRODUCTS_DIR; };
		7E0ABCC1241B3D083244BD37 /* Pods-hipchon.debug.xcconfig */ = {isa = PBXFileReference; includeInIndex = 1; lastKnownFileType = text.xcconfig; name = "Pods-hipchon.debug.xcconfig"; path = "Target Support Files/Pods-hipchon/Pods-hipchon.debug.xcconfig"; sourceTree = "<group>"; };
		D83E538827AA496A0047A05C /* tmp.storyboard */ = {isa = PBXFileReference; lastKnownFileType = file.storyboard; path = tmp.storyboard; sourceTree = "<group>"; };
		D841C86D27A6C224005B8C25 /* UIView+.swift */ = {isa = PBXFileReference; lastKnownFileType = sourcecode.swift; path = "UIView+.swift"; sourceTree = "<group>"; };
		D841C86F27A6C552005B8C25 /* CateogryCollectionViewCell.swift */ = {isa = PBXFileReference; lastKnownFileType = sourcecode.swift; path = CateogryCollectionViewCell.swift; sourceTree = "<group>"; };
		D88FAF7927A67D6F00E41F4F /* hipchon.app */ = {isa = PBXFileReference; explicitFileType = wrapper.application; includeInIndex = 0; path = hipchon.app; sourceTree = BUILT_PRODUCTS_DIR; };
		D88FAF7C27A67D6F00E41F4F /* AppDelegate.swift */ = {isa = PBXFileReference; lastKnownFileType = sourcecode.swift; path = AppDelegate.swift; sourceTree = "<group>"; };
		D88FAF7E27A67D6F00E41F4F /* SceneDelegate.swift */ = {isa = PBXFileReference; lastKnownFileType = sourcecode.swift; path = SceneDelegate.swift; sourceTree = "<group>"; };
		D88FAF8027A67D6F00E41F4F /* LoginViewController.swift */ = {isa = PBXFileReference; lastKnownFileType = sourcecode.swift; path = LoginViewController.swift; sourceTree = "<group>"; };
		D88FAF8527A67D7100E41F4F /* Assets.xcassets */ = {isa = PBXFileReference; lastKnownFileType = folder.assetcatalog; path = Assets.xcassets; sourceTree = "<group>"; };
		D88FAF8827A67D7100E41F4F /* Base */ = {isa = PBXFileReference; lastKnownFileType = file.storyboard; name = Base; path = Base.lproj/LaunchScreen.storyboard; sourceTree = "<group>"; };
		D88FAF8A27A67D7100E41F4F /* Info.plist */ = {isa = PBXFileReference; lastKnownFileType = text.plist.xml; path = Info.plist; sourceTree = "<group>"; };
		D88FAF9027A689B500E41F4F /* LoginViewModel.swift */ = {isa = PBXFileReference; lastKnownFileType = sourcecode.swift; path = LoginViewModel.swift; sourceTree = "<group>"; };
		D88FAF9227A68A7900E41F4F /* LoginModel.swift */ = {isa = PBXFileReference; lastKnownFileType = sourcecode.swift; path = LoginModel.swift; sourceTree = "<group>"; };
		D88FAF9427A68AD500E41F4F /* HomeViewController.swift */ = {isa = PBXFileReference; lastKnownFileType = sourcecode.swift; path = HomeViewController.swift; sourceTree = "<group>"; };
		D88FAF9627A68ADB00E41F4F /* HomeViewModel.swift */ = {isa = PBXFileReference; lastKnownFileType = sourcecode.swift; path = HomeViewModel.swift; sourceTree = "<group>"; };
		D8E7756327A810C0005E037D /* MainFilterView.swift */ = {isa = PBXFileReference; lastKnownFileType = sourcecode.swift; path = MainFilterView.swift; sourceTree = "<group>"; };
		D8E7756527A81178005E037D /* MainFilterViewModel.swift */ = {isa = PBXFileReference; lastKnownFileType = sourcecode.swift; path = MainFilterViewModel.swift; sourceTree = "<group>"; };
/* End PBXFileReference section */

/* Begin PBXFrameworksBuildPhase section */
		D88FAF7627A67D6F00E41F4F /* Frameworks */ = {
			isa = PBXFrameworksBuildPhase;
			buildActionMask = 2147483647;
			files = (
				3A7D358079476DF3ECF3F75A /* Pods_hipchon.framework in Frameworks */,
			);
			runOnlyForDeploymentPostprocessing = 0;
		};
/* End PBXFrameworksBuildPhase section */

/* Begin PBXGroup section */
		D2E56D2ED39076DCD9CFBEA4 /* Pods */ = {
			isa = PBXGroup;
			children = (
				7E0ABCC1241B3D083244BD37 /* Pods-hipchon.debug.xcconfig */,
				78BDEC32C7850AC383E0A7E5 /* Pods-hipchon.release.xcconfig */,
			);
			path = Pods;
			sourceTree = "<group>";
		};
		D68A083C9622C1E3C9F497C3 /* Frameworks */ = {
			isa = PBXGroup;
			children = (
				7D95E75F856206A0F1A096E8 /* Pods_hipchon.framework */,
			);
			name = Frameworks;
			sourceTree = "<group>";
		};
		D841C86B27A6B60C005B8C25 /* Auth */ = {
			isa = PBXGroup;
			children = (
				D88FAF8027A67D6F00E41F4F /* LoginViewController.swift */,
				D88FAF9027A689B500E41F4F /* LoginViewModel.swift */,
				D88FAF9227A68A7900E41F4F /* LoginModel.swift */,
			);
			path = Auth;
			sourceTree = "<group>";
		};
		D841C86C27A6B613005B8C25 /* Home */ = {
			isa = PBXGroup;
			children = (
				D88FAF9427A68AD500E41F4F /* HomeViewController.swift */,
				D88FAF9627A68ADB00E41F4F /* HomeViewModel.swift */,
				D8E7756327A810C0005E037D /* MainFilterView.swift */,
				D8E7756527A81178005E037D /* MainFilterViewModel.swift */,
				D841C87127A6C706005B8C25 /* Subcomponents */,
			);
			path = Home;
			sourceTree = "<group>";
		};
		D841C87127A6C706005B8C25 /* Subcomponents */ = {
			isa = PBXGroup;
			children = (
				D841C86F27A6C552005B8C25 /* CateogryCollectionViewCell.swift */,
			);
			path = Subcomponents;
			sourceTree = "<group>";
		};
		D88FAF7027A67D6F00E41F4F = {
			isa = PBXGroup;
			children = (
				D88FAF7B27A67D6F00E41F4F /* hipchon */,
				D88FAF7A27A67D6F00E41F4F /* Products */,
				D2E56D2ED39076DCD9CFBEA4 /* Pods */,
				D68A083C9622C1E3C9F497C3 /* Frameworks */,
			);
			sourceTree = "<group>";
		};
		D88FAF7A27A67D6F00E41F4F /* Products */ = {
			isa = PBXGroup;
			children = (
				D88FAF7927A67D6F00E41F4F /* hipchon.app */,
			);
			name = Products;
			sourceTree = "<group>";
		};
		D88FAF7B27A67D6F00E41F4F /* hipchon */ = {
			isa = PBXGroup;
			children = (
				D88FAF7C27A67D6F00E41F4F /* AppDelegate.swift */,
				D88FAF7E27A67D6F00E41F4F /* SceneDelegate.swift */,
				D83E538827AA496A0047A05C /* tmp.storyboard */,
				D88FAF8527A67D7100E41F4F /* Assets.xcassets */,
				D88FAF8727A67D7100E41F4F /* LaunchScreen.storyboard */,
				D88FAF8A27A67D7100E41F4F /* Info.plist */,
				D841C86D27A6C224005B8C25 /* UIView+.swift */,
				D841C86B27A6B60C005B8C25 /* Auth */,
				D841C86C27A6B613005B8C25 /* Home */,
			);
			path = hipchon;
			sourceTree = "<group>";
		};
/* End PBXGroup section */

/* Begin PBXNativeTarget section */
		D88FAF7827A67D6F00E41F4F /* hipchon */ = {
			isa = PBXNativeTarget;
			buildConfigurationList = D88FAF8D27A67D7100E41F4F /* Build configuration list for PBXNativeTarget "hipchon" */;
			buildPhases = (
				4E44231CDCCA4043AE33CE4D /* [CP] Check Pods Manifest.lock */,
				D88FAF7527A67D6F00E41F4F /* Sources */,
				D88FAF7627A67D6F00E41F4F /* Frameworks */,
				D88FAF7727A67D6F00E41F4F /* Resources */,
				43DCFF3CB5FBCDABCBF8B2DF /* [CP] Embed Pods Frameworks */,
			);
			buildRules = (
			);
			dependencies = (
			);
			name = hipchon;
			productName = hipchon;
			productReference = D88FAF7927A67D6F00E41F4F /* hipchon.app */;
			productType = "com.apple.product-type.application";
		};
/* End PBXNativeTarget section */

/* Begin PBXProject section */
		D88FAF7127A67D6F00E41F4F /* Project object */ = {
			isa = PBXProject;
			attributes = {
				BuildIndependentTargetsInParallel = 1;
				LastSwiftUpdateCheck = 1310;
				LastUpgradeCheck = 1310;
				TargetAttributes = {
					D88FAF7827A67D6F00E41F4F = {
						CreatedOnToolsVersion = 13.1;
					};
				};
			};
			buildConfigurationList = D88FAF7427A67D6F00E41F4F /* Build configuration list for PBXProject "hipchon" */;
			compatibilityVersion = "Xcode 13.0";
			developmentRegion = en;
			hasScannedForEncodings = 0;
			knownRegions = (
				en,
				Base,
			);
			mainGroup = D88FAF7027A67D6F00E41F4F;
			productRefGroup = D88FAF7A27A67D6F00E41F4F /* Products */;
			projectDirPath = "";
			projectRoot = "";
			targets = (
				D88FAF7827A67D6F00E41F4F /* hipchon */,
			);
		};
/* End PBXProject section */

/* Begin PBXResourcesBuildPhase section */
		D88FAF7727A67D6F00E41F4F /* Resources */ = {
			isa = PBXResourcesBuildPhase;
			buildActionMask = 2147483647;
			files = (
				D88FAF8927A67D7100E41F4F /* LaunchScreen.storyboard in Resources */,
				D88FAF8627A67D7100E41F4F /* Assets.xcassets in Resources */,
				D83E538927AA496A0047A05C /* tmp.storyboard in Resources */,
			);
			runOnlyForDeploymentPostprocessing = 0;
		};
/* End PBXResourcesBuildPhase section */

/* Begin PBXShellScriptBuildPhase section */
		43DCFF3CB5FBCDABCBF8B2DF /* [CP] Embed Pods Frameworks */ = {
			isa = PBXShellScriptBuildPhase;
			buildActionMask = 2147483647;
			files = (
			);
			inputFileListPaths = (
				"${PODS_ROOT}/Target Support Files/Pods-hipchon/Pods-hipchon-frameworks-${CONFIGURATION}-input-files.xcfilelist",
			);
			name = "[CP] Embed Pods Frameworks";
			outputFileListPaths = (
				"${PODS_ROOT}/Target Support Files/Pods-hipchon/Pods-hipchon-frameworks-${CONFIGURATION}-output-files.xcfilelist",
			);
			runOnlyForDeploymentPostprocessing = 0;
			shellPath = /bin/sh;
			shellScript = "\"${PODS_ROOT}/Target Support Files/Pods-hipchon/Pods-hipchon-frameworks.sh\"\n";
			showEnvVarsInLog = 0;
		};
		4E44231CDCCA4043AE33CE4D /* [CP] Check Pods Manifest.lock */ = {
			isa = PBXShellScriptBuildPhase;
			buildActionMask = 2147483647;
			files = (
			);
			inputFileListPaths = (
			);
			inputPaths = (
				"${PODS_PODFILE_DIR_PATH}/Podfile.lock",
				"${PODS_ROOT}/Manifest.lock",
			);
			name = "[CP] Check Pods Manifest.lock";
			outputFileListPaths = (
			);
			outputPaths = (
				"$(DERIVED_FILE_DIR)/Pods-hipchon-checkManifestLockResult.txt",
			);
			runOnlyForDeploymentPostprocessing = 0;
			shellPath = /bin/sh;
			shellScript = "diff \"${PODS_PODFILE_DIR_PATH}/Podfile.lock\" \"${PODS_ROOT}/Manifest.lock\" > /dev/null\nif [ $? != 0 ] ; then\n    # print error to STDERR\n    echo \"error: The sandbox is not in sync with the Podfile.lock. Run 'pod install' or update your CocoaPods installation.\" >&2\n    exit 1\nfi\n# This output is used by Xcode 'outputs' to avoid re-running this script phase.\necho \"SUCCESS\" > \"${SCRIPT_OUTPUT_FILE_0}\"\n";
			showEnvVarsInLog = 0;
		};
/* End PBXShellScriptBuildPhase section */

/* Begin PBXSourcesBuildPhase section */
		D88FAF7527A67D6F00E41F4F /* Sources */ = {
			isa = PBXSourcesBuildPhase;
			buildActionMask = 2147483647;
			files = (
				D88FAF9327A68A7900E41F4F /* LoginModel.swift in Sources */,
				D88FAF9127A689B500E41F4F /* LoginViewModel.swift in Sources */,
				D841C87027A6C554005B8C25 /* CateogryCollectionViewCell.swift in Sources */,
				D8E7756427A810C0005E037D /* MainFilterView.swift in Sources */,
				D8E7756627A81178005E037D /* MainFilterViewModel.swift in Sources */,
				D88FAF9727A68ADB00E41F4F /* HomeViewModel.swift in Sources */,
				D88FAF8127A67D6F00E41F4F /* LoginViewController.swift in Sources */,
				D841C86E27A6C224005B8C25 /* UIView+.swift in Sources */,
				D88FAF7D27A67D6F00E41F4F /* AppDelegate.swift in Sources */,
				D88FAF7F27A67D6F00E41F4F /* SceneDelegate.swift in Sources */,
				D88FAF9527A68AD500E41F4F /* HomeViewController.swift in Sources */,
			);
			runOnlyForDeploymentPostprocessing = 0;
		};
/* End PBXSourcesBuildPhase section */

/* Begin PBXVariantGroup section */
		D88FAF8727A67D7100E41F4F /* LaunchScreen.storyboard */ = {
			isa = PBXVariantGroup;
			children = (
				D88FAF8827A67D7100E41F4F /* Base */,
			);
			name = LaunchScreen.storyboard;
			sourceTree = "<group>";
		};
/* End PBXVariantGroup section */

/* Begin XCBuildConfiguration section */
		D88FAF8B27A67D7100E41F4F /* Debug */ = {
			isa = XCBuildConfiguration;
			buildSettings = {
				ALWAYS_SEARCH_USER_PATHS = NO;
				CLANG_ANALYZER_NONNULL = YES;
				CLANG_ANALYZER_NUMBER_OBJECT_CONVERSION = YES_AGGRESSIVE;
				CLANG_CXX_LANGUAGE_STANDARD = "gnu++17";
				CLANG_CXX_LIBRARY = "libc++";
				CLANG_ENABLE_MODULES = YES;
				CLANG_ENABLE_OBJC_ARC = YES;
				CLANG_ENABLE_OBJC_WEAK = YES;
				CLANG_WARN_BLOCK_CAPTURE_AUTORELEASING = YES;
				CLANG_WARN_BOOL_CONVERSION = YES;
				CLANG_WARN_COMMA = YES;
				CLANG_WARN_CONSTANT_CONVERSION = YES;
				CLANG_WARN_DEPRECATED_OBJC_IMPLEMENTATIONS = YES;
				CLANG_WARN_DIRECT_OBJC_ISA_USAGE = YES_ERROR;
				CLANG_WARN_DOCUMENTATION_COMMENTS = YES;
				CLANG_WARN_EMPTY_BODY = YES;
				CLANG_WARN_ENUM_CONVERSION = YES;
				CLANG_WARN_INFINITE_RECURSION = YES;
				CLANG_WARN_INT_CONVERSION = YES;
				CLANG_WARN_NON_LITERAL_NULL_CONVERSION = YES;
				CLANG_WARN_OBJC_IMPLICIT_RETAIN_SELF = YES;
				CLANG_WARN_OBJC_LITERAL_CONVERSION = YES;
				CLANG_WARN_OBJC_ROOT_CLASS = YES_ERROR;
				CLANG_WARN_QUOTED_INCLUDE_IN_FRAMEWORK_HEADER = YES;
				CLANG_WARN_RANGE_LOOP_ANALYSIS = YES;
				CLANG_WARN_STRICT_PROTOTYPES = YES;
				CLANG_WARN_SUSPICIOUS_MOVE = YES;
				CLANG_WARN_UNGUARDED_AVAILABILITY = YES_AGGRESSIVE;
				CLANG_WARN_UNREACHABLE_CODE = YES;
				CLANG_WARN__DUPLICATE_METHOD_MATCH = YES;
				COPY_PHASE_STRIP = NO;
				DEBUG_INFORMATION_FORMAT = dwarf;
				ENABLE_STRICT_OBJC_MSGSEND = YES;
				ENABLE_TESTABILITY = YES;
				GCC_C_LANGUAGE_STANDARD = gnu11;
				GCC_DYNAMIC_NO_PIC = NO;
				GCC_NO_COMMON_BLOCKS = YES;
				GCC_OPTIMIZATION_LEVEL = 0;
				GCC_PREPROCESSOR_DEFINITIONS = (
					"DEBUG=1",
					"$(inherited)",
				);
				GCC_WARN_64_TO_32_BIT_CONVERSION = YES;
				GCC_WARN_ABOUT_RETURN_TYPE = YES_ERROR;
				GCC_WARN_UNDECLARED_SELECTOR = YES;
				GCC_WARN_UNINITIALIZED_AUTOS = YES_AGGRESSIVE;
				GCC_WARN_UNUSED_FUNCTION = YES;
				GCC_WARN_UNUSED_VARIABLE = YES;
				IPHONEOS_DEPLOYMENT_TARGET = 15.0;
				MTL_ENABLE_DEBUG_INFO = INCLUDE_SOURCE;
				MTL_FAST_MATH = YES;
				ONLY_ACTIVE_ARCH = YES;
				SDKROOT = iphoneos;
				SWIFT_ACTIVE_COMPILATION_CONDITIONS = DEBUG;
				SWIFT_OPTIMIZATION_LEVEL = "-Onone";
			};
			name = Debug;
		};
		D88FAF8C27A67D7100E41F4F /* Release */ = {
			isa = XCBuildConfiguration;
			buildSettings = {
				ALWAYS_SEARCH_USER_PATHS = NO;
				CLANG_ANALYZER_NONNULL = YES;
				CLANG_ANALYZER_NUMBER_OBJECT_CONVERSION = YES_AGGRESSIVE;
				CLANG_CXX_LANGUAGE_STANDARD = "gnu++17";
				CLANG_CXX_LIBRARY = "libc++";
				CLANG_ENABLE_MODULES = YES;
				CLANG_ENABLE_OBJC_ARC = YES;
				CLANG_ENABLE_OBJC_WEAK = YES;
				CLANG_WARN_BLOCK_CAPTURE_AUTORELEASING = YES;
				CLANG_WARN_BOOL_CONVERSION = YES;
				CLANG_WARN_COMMA = YES;
				CLANG_WARN_CONSTANT_CONVERSION = YES;
				CLANG_WARN_DEPRECATED_OBJC_IMPLEMENTATIONS = YES;
				CLANG_WARN_DIRECT_OBJC_ISA_USAGE = YES_ERROR;
				CLANG_WARN_DOCUMENTATION_COMMENTS = YES;
				CLANG_WARN_EMPTY_BODY = YES;
				CLANG_WARN_ENUM_CONVERSION = YES;
				CLANG_WARN_INFINITE_RECURSION = YES;
				CLANG_WARN_INT_CONVERSION = YES;
				CLANG_WARN_NON_LITERAL_NULL_CONVERSION = YES;
				CLANG_WARN_OBJC_IMPLICIT_RETAIN_SELF = YES;
				CLANG_WARN_OBJC_LITERAL_CONVERSION = YES;
				CLANG_WARN_OBJC_ROOT_CLASS = YES_ERROR;
				CLANG_WARN_QUOTED_INCLUDE_IN_FRAMEWORK_HEADER = YES;
				CLANG_WARN_RANGE_LOOP_ANALYSIS = YES;
				CLANG_WARN_STRICT_PROTOTYPES = YES;
				CLANG_WARN_SUSPICIOUS_MOVE = YES;
				CLANG_WARN_UNGUARDED_AVAILABILITY = YES_AGGRESSIVE;
				CLANG_WARN_UNREACHABLE_CODE = YES;
				CLANG_WARN__DUPLICATE_METHOD_MATCH = YES;
				COPY_PHASE_STRIP = NO;
				DEBUG_INFORMATION_FORMAT = "dwarf-with-dsym";
				ENABLE_NS_ASSERTIONS = NO;
				ENABLE_STRICT_OBJC_MSGSEND = YES;
				GCC_C_LANGUAGE_STANDARD = gnu11;
				GCC_NO_COMMON_BLOCKS = YES;
				GCC_WARN_64_TO_32_BIT_CONVERSION = YES;
				GCC_WARN_ABOUT_RETURN_TYPE = YES_ERROR;
				GCC_WARN_UNDECLARED_SELECTOR = YES;
				GCC_WARN_UNINITIALIZED_AUTOS = YES_AGGRESSIVE;
				GCC_WARN_UNUSED_FUNCTION = YES;
				GCC_WARN_UNUSED_VARIABLE = YES;
				IPHONEOS_DEPLOYMENT_TARGET = 15.0;
				MTL_ENABLE_DEBUG_INFO = NO;
				MTL_FAST_MATH = YES;
				SDKROOT = iphoneos;
				SWIFT_COMPILATION_MODE = wholemodule;
				SWIFT_OPTIMIZATION_LEVEL = "-O";
				VALIDATE_PRODUCT = YES;
			};
			name = Release;
		};
		D88FAF8E27A67D7100E41F4F /* Debug */ = {
			isa = XCBuildConfiguration;
			baseConfigurationReference = 7E0ABCC1241B3D083244BD37 /* Pods-hipchon.debug.xcconfig */;
			buildSettings = {
				ASSETCATALOG_COMPILER_APPICON_NAME = AppIcon;
				ASSETCATALOG_COMPILER_GLOBAL_ACCENT_COLOR_NAME = AccentColor;
				CODE_SIGN_STYLE = Automatic;
				CURRENT_PROJECT_VERSION = 1;
				DEVELOPMENT_TEAM = SPJ3VZVK78;
				GENERATE_INFOPLIST_FILE = YES;
				INFOPLIST_FILE = hipchon/Info.plist;
				INFOPLIST_KEY_UIApplicationSupportsIndirectInputEvents = YES;
				INFOPLIST_KEY_UILaunchStoryboardName = LaunchScreen;
				INFOPLIST_KEY_UISupportedInterfaceOrientations_iPad = "UIInterfaceOrientationPortrait UIInterfaceOrientationPortraitUpsideDown UIInterfaceOrientationLandscapeLeft UIInterfaceOrientationLandscapeRight";
				INFOPLIST_KEY_UISupportedInterfaceOrientations_iPhone = "UIInterfaceOrientationPortrait UIInterfaceOrientationLandscapeLeft UIInterfaceOrientationLandscapeRight";
				LD_RUNPATH_SEARCH_PATHS = (
					"$(inherited)",
					"@executable_path/Frameworks",
				);
				MARKETING_VERSION = 1.0;
				PRODUCT_BUNDLE_IDENTIFIER = beomsoo.hipchon;
				PRODUCT_NAME = "$(TARGET_NAME)";
				SWIFT_EMIT_LOC_STRINGS = YES;
				SWIFT_VERSION = 5.0;
				TARGETED_DEVICE_FAMILY = "1,2";
			};
			name = Debug;
		};
		D88FAF8F27A67D7100E41F4F /* Release */ = {
			isa = XCBuildConfiguration;
			baseConfigurationReference = 78BDEC32C7850AC383E0A7E5 /* Pods-hipchon.release.xcconfig */;
			buildSettings = {
				ASSETCATALOG_COMPILER_APPICON_NAME = AppIcon;
				ASSETCATALOG_COMPILER_GLOBAL_ACCENT_COLOR_NAME = AccentColor;
				CODE_SIGN_STYLE = Automatic;
				CURRENT_PROJECT_VERSION = 1;
				DEVELOPMENT_TEAM = SPJ3VZVK78;
				GENERATE_INFOPLIST_FILE = YES;
				INFOPLIST_FILE = hipchon/Info.plist;
				INFOPLIST_KEY_UIApplicationSupportsIndirectInputEvents = YES;
				INFOPLIST_KEY_UILaunchStoryboardName = LaunchScreen;
				INFOPLIST_KEY_UISupportedInterfaceOrientations_iPad = "UIInterfaceOrientationPortrait UIInterfaceOrientationPortraitUpsideDown UIInterfaceOrientationLandscapeLeft UIInterfaceOrientationLandscapeRight";
				INFOPLIST_KEY_UISupportedInterfaceOrientations_iPhone = "UIInterfaceOrientationPortrait UIInterfaceOrientationLandscapeLeft UIInterfaceOrientationLandscapeRight";
				LD_RUNPATH_SEARCH_PATHS = (
					"$(inherited)",
					"@executable_path/Frameworks",
				);
				MARKETING_VERSION = 1.0;
				PRODUCT_BUNDLE_IDENTIFIER = beomsoo.hipchon;
				PRODUCT_NAME = "$(TARGET_NAME)";
				SWIFT_EMIT_LOC_STRINGS = YES;
				SWIFT_VERSION = 5.0;
				TARGETED_DEVICE_FAMILY = "1,2";
			};
			name = Release;
		};
/* End XCBuildConfiguration section */

/* Begin XCConfigurationList section */
		D88FAF7427A67D6F00E41F4F /* Build configuration list for PBXProject "hipchon" */ = {
			isa = XCConfigurationList;
			buildConfigurations = (
				D88FAF8B27A67D7100E41F4F /* Debug */,
				D88FAF8C27A67D7100E41F4F /* Release */,
			);
			defaultConfigurationIsVisible = 0;
			defaultConfigurationName = Release;
		};
		D88FAF8D27A67D7100E41F4F /* Build configuration list for PBXNativeTarget "hipchon" */ = {
			isa = XCConfigurationList;
			buildConfigurations = (
				D88FAF8E27A67D7100E41F4F /* Debug */,
				D88FAF8F27A67D7100E41F4F /* Release */,
			);
			defaultConfigurationIsVisible = 0;
			defaultConfigurationName = Release;
		};
/* End XCConfigurationList section */
	};
	rootObject = D88FAF7127A67D6F00E41F4F /* Project object */;
}
