// !$*UTF8*$!
{
	archiveVersion = 1;
	classes = {
	};
	objectVersion = 55;
	objects = {

/* Begin PBXBuildFile section */
		3A7D358079476DF3ECF3F75A /* Pods_hipchon.framework in Frameworks */ = {isa = PBXBuildFile; fileRef = 7D95E75F856206A0F1A096E8 /* Pods_hipchon.framework */; };
		D8091FF727B28034000F057E /* FeedViewController.swift in Sources */ = {isa = PBXBuildFile; fileRef = D8091FF627B28034000F057E /* FeedViewController.swift */; };
		D8091FF927B2803E000F057E /* FeedViewModel.swift in Sources */ = {isa = PBXBuildFile; fileRef = D8091FF827B2803E000F057E /* FeedViewModel.swift */; };
		D8091FFC27B28095000F057E /* MyPlaceViewController.swift in Sources */ = {isa = PBXBuildFile; fileRef = D8091FFB27B28095000F057E /* MyPlaceViewController.swift */; };
		D8091FFE27B280A1000F057E /* MyPlaceViewModel.swift in Sources */ = {isa = PBXBuildFile; fileRef = D8091FFD27B280A1000F057E /* MyPlaceViewModel.swift */; };
		D809200127B28332000F057E /* PlaceDetailViewController.swift in Sources */ = {isa = PBXBuildFile; fileRef = D809200027B28332000F057E /* PlaceDetailViewController.swift */; };
		D809200327B28368000F057E /* PlaceDetailViewModel.swift in Sources */ = {isa = PBXBuildFile; fileRef = D809200227B28368000F057E /* PlaceDetailViewModel.swift */; };
		D809200627B286FF000F057E /* PlaceModel.swift in Sources */ = {isa = PBXBuildFile; fileRef = D809200527B286FF000F057E /* PlaceModel.swift */; };
		D809200927B2872D000F057E /* ReviewModel.swift in Sources */ = {isa = PBXBuildFile; fileRef = D809200827B2872D000F057E /* ReviewModel.swift */; };
		D809200B27B28831000F057E /* ReviewListCell.swift in Sources */ = {isa = PBXBuildFile; fileRef = D809200A27B28831000F057E /* ReviewListCell.swift */; };
		D809200D27B28AD9000F057E /* ReviewListCellViewModel.swift in Sources */ = {isa = PBXBuildFile; fileRef = D809200C27B28AD9000F057E /* ReviewListCellViewModel.swift */; };
		D809201027B28C3F000F057E /* ReviewDetailViewController.swift in Sources */ = {isa = PBXBuildFile; fileRef = D809200F27B28C3F000F057E /* ReviewDetailViewController.swift */; };
		D809201227B28C46000F057E /* ReviewDetailViewModel.swift in Sources */ = {isa = PBXBuildFile; fileRef = D809201127B28C46000F057E /* ReviewDetailViewModel.swift */; };
		D80967B927BA83310015E7EF /* UserModel.swift in Sources */ = {isa = PBXBuildFile; fileRef = D80967B827BA83310015E7EF /* UserModel.swift */; };
		D80967BC27BA847E0015E7EF /* NetworkManager.swift in Sources */ = {isa = PBXBuildFile; fileRef = D80967BB27BA847E0015E7EF /* NetworkManager.swift */; };
		D8237DDD27B920C400238387 /* SettingViewModel.swift in Sources */ = {isa = PBXBuildFile; fileRef = D8237DDC27B920C400238387 /* SettingViewModel.swift */; };
		D8237DDF27B920EB00238387 /* SettingViewController.swift in Sources */ = {isa = PBXBuildFile; fileRef = D8237DDE27B920EB00238387 /* SettingViewController.swift */; };
		D8237DE227B9245A00238387 /* BannerCell.swift in Sources */ = {isa = PBXBuildFile; fileRef = D8237DE127B9245A00238387 /* BannerCell.swift */; };
		D8237DE427B9246400238387 /* BannerCellViewModel.swift in Sources */ = {isa = PBXBuildFile; fileRef = D8237DE327B9246400238387 /* BannerCellViewModel.swift */; };
		D8237DE627B925A700238387 /* BannerModel.swift in Sources */ = {isa = PBXBuildFile; fileRef = D8237DE527B925A700238387 /* BannerModel.swift */; };
		D8237DE827B929BD00238387 /* RxImageView+.swift in Sources */ = {isa = PBXBuildFile; fileRef = D8237DE727B929BD00238387 /* RxImageView+.swift */; };
		D8237DEA27B9304400238387 /* CategoryModel.swift in Sources */ = {isa = PBXBuildFile; fileRef = D8237DE927B9304400238387 /* CategoryModel.swift */; };
		D8237DEC27B9361800238387 /* PlaceImageCell.swift in Sources */ = {isa = PBXBuildFile; fileRef = D8237DEB27B9361800238387 /* PlaceImageCell.swift */; };
		D8237DEE27B9362800238387 /* PlaceImageCellViewModel.swift in Sources */ = {isa = PBXBuildFile; fileRef = D8237DED27B9362800238387 /* PlaceImageCellViewModel.swift */; };
		D83304DE27AC1763008E7DB7 /* TabBarViewController.swift in Sources */ = {isa = PBXBuildFile; fileRef = D83304DD27AC1763008E7DB7 /* TabBarViewController.swift */; };
		D83304E027AC1A36008E7DB7 /* ProfileViewController.swift in Sources */ = {isa = PBXBuildFile; fileRef = D83304DF27AC1A36008E7DB7 /* ProfileViewController.swift */; };
		D83304E227AC1A43008E7DB7 /* ProfileViewModel.swift in Sources */ = {isa = PBXBuildFile; fileRef = D83304E127AC1A43008E7DB7 /* ProfileViewModel.swift */; };
		D83304E527AC1AAA008E7DB7 /* DefaultViewController.swift in Sources */ = {isa = PBXBuildFile; fileRef = D83304E427AC1AAA008E7DB7 /* DefaultViewController.swift */; };
		D83304E727AC1AEB008E7DB7 /* DefaultViewModel.swift in Sources */ = {isa = PBXBuildFile; fileRef = D83304E627AC1AEB008E7DB7 /* DefaultViewModel.swift */; };
		D83E538B27AA59170047A05C /* PlaceListViewController.swift in Sources */ = {isa = PBXBuildFile; fileRef = D83E538A27AA59160047A05C /* PlaceListViewController.swift */; };
		D83E538D27AA59200047A05C /* PlaceListViewModel.swift in Sources */ = {isa = PBXBuildFile; fileRef = D83E538C27AA59200047A05C /* PlaceListViewModel.swift */; };
		D83E538F27AA65E10047A05C /* CategoryCellViewModel.swift in Sources */ = {isa = PBXBuildFile; fileRef = D83E538E27AA65E10047A05C /* CategoryCellViewModel.swift */; };
		D83E539327AA6D0C0047A05C /* PlaceListCell.swift in Sources */ = {isa = PBXBuildFile; fileRef = D83E539227AA6D0C0047A05C /* PlaceListCell.swift */; };
		D83E539527AA6F310047A05C /* PlaceListCellViewModel.swift in Sources */ = {isa = PBXBuildFile; fileRef = D83E539427AA6F310047A05C /* PlaceListCellViewModel.swift */; };
		D841C86E27A6C224005B8C25 /* UIView+.swift in Sources */ = {isa = PBXBuildFile; fileRef = D841C86D27A6C224005B8C25 /* UIView+.swift */; };
		D841C87027A6C554005B8C25 /* CategoryCell.swift in Sources */ = {isa = PBXBuildFile; fileRef = D841C86F27A6C552005B8C25 /* CategoryCell.swift */; };
		D871F4A827BD111300CCDE4D /* PickCell.swift in Sources */ = {isa = PBXBuildFile; fileRef = D871F4A727BD111300CCDE4D /* PickCell.swift */; };
		D871F4AA27BD111900CCDE4D /* PickCellModel.swift in Sources */ = {isa = PBXBuildFile; fileRef = D871F4A927BD111900CCDE4D /* PickCellModel.swift */; };
		D871F4AC27BD11CF00CCDE4D /* PickView.swift in Sources */ = {isa = PBXBuildFile; fileRef = D871F4AB27BD11CF00CCDE4D /* PickView.swift */; };
		D871F4AE27BD12D700CCDE4D /* PickViewModel.swift in Sources */ = {isa = PBXBuildFile; fileRef = D871F4AD27BD12D700CCDE4D /* PickViewModel.swift */; };
		D871F4B027BD186100CCDE4D /* WeeklyHipPlaceView.swift in Sources */ = {isa = PBXBuildFile; fileRef = D871F4AF27BD186100CCDE4D /* WeeklyHipPlaceView.swift */; };
		D871F4B227BD188100CCDE4D /* WeeklyHipPlaceViewModel.swift in Sources */ = {isa = PBXBuildFile; fileRef = D871F4B127BD188100CCDE4D /* WeeklyHipPlaceViewModel.swift */; };
		D871F4B427BD18DC00CCDE4D /* HipPlaceCell.swift in Sources */ = {isa = PBXBuildFile; fileRef = D871F4B327BD18DC00CCDE4D /* HipPlaceCell.swift */; };
		D871F4B627BD18E300CCDE4D /* HipPlaceCellViewModel.swift in Sources */ = {isa = PBXBuildFile; fileRef = D871F4B527BD18E300CCDE4D /* HipPlaceCellViewModel.swift */; };
		D871F4B827BD23F800CCDE4D /* MyPlaceCell.swift in Sources */ = {isa = PBXBuildFile; fileRef = D871F4B727BD23F800CCDE4D /* MyPlaceCell.swift */; };
		D871F4BA27BD240100CCDE4D /* MyPlaceCellViewModel.swift in Sources */ = {isa = PBXBuildFile; fileRef = D871F4B927BD240100CCDE4D /* MyPlaceCellViewModel.swift */; };
		D871F4BC27BD395E00CCDE4D /* PhotoCell.swift in Sources */ = {isa = PBXBuildFile; fileRef = D871F4BB27BD395E00CCDE4D /* PhotoCell.swift */; };
		D871F4BE27BD396600CCDE4D /* PhotoCellViewModel.swift in Sources */ = {isa = PBXBuildFile; fileRef = D871F4BD27BD396600CCDE4D /* PhotoCellViewModel.swift */; };
		D88FAF7D27A67D6F00E41F4F /* AppDelegate.swift in Sources */ = {isa = PBXBuildFile; fileRef = D88FAF7C27A67D6F00E41F4F /* AppDelegate.swift */; };
		D88FAF7F27A67D6F00E41F4F /* SceneDelegate.swift in Sources */ = {isa = PBXBuildFile; fileRef = D88FAF7E27A67D6F00E41F4F /* SceneDelegate.swift */; };
		D88FAF8127A67D6F00E41F4F /* LoginViewController.swift in Sources */ = {isa = PBXBuildFile; fileRef = D88FAF8027A67D6F00E41F4F /* LoginViewController.swift */; };
		D88FAF8627A67D7100E41F4F /* Assets.xcassets in Resources */ = {isa = PBXBuildFile; fileRef = D88FAF8527A67D7100E41F4F /* Assets.xcassets */; };
		D88FAF8927A67D7100E41F4F /* LaunchScreen.storyboard in Resources */ = {isa = PBXBuildFile; fileRef = D88FAF8727A67D7100E41F4F /* LaunchScreen.storyboard */; };
		D88FAF9127A689B500E41F4F /* LoginViewModel.swift in Sources */ = {isa = PBXBuildFile; fileRef = D88FAF9027A689B500E41F4F /* LoginViewModel.swift */; };
		D88FAF9327A68A7900E41F4F /* LoginModel.swift in Sources */ = {isa = PBXBuildFile; fileRef = D88FAF9227A68A7900E41F4F /* LoginModel.swift */; };
		D88FAF9527A68AD500E41F4F /* HomeViewController.swift in Sources */ = {isa = PBXBuildFile; fileRef = D88FAF9427A68AD500E41F4F /* HomeViewController.swift */; };
		D88FAF9727A68ADB00E41F4F /* HomeViewModel.swift in Sources */ = {isa = PBXBuildFile; fileRef = D88FAF9627A68ADB00E41F4F /* HomeViewModel.swift */; };
		D8E019D927C0CFA600A167CA /* SearchNavigationView.swift in Sources */ = {isa = PBXBuildFile; fileRef = D8E019D827C0CFA600A167CA /* SearchNavigationView.swift */; };
		D8E019DB27C0CFAF00A167CA /* SearchNavigationViewModel.swift in Sources */ = {isa = PBXBuildFile; fileRef = D8E019DA27C0CFAF00A167CA /* SearchNavigationViewModel.swift */; };
		D8E7756427A810C0005E037D /* MainFilterView.swift in Sources */ = {isa = PBXBuildFile; fileRef = D8E7756327A810C0005E037D /* MainFilterView.swift */; };
		D8E7756627A81178005E037D /* MainFilterViewModel.swift in Sources */ = {isa = PBXBuildFile; fileRef = D8E7756527A81178005E037D /* MainFilterViewModel.swift */; };
/* End PBXBuildFile section */

/* Begin PBXFileReference section */
		78BDEC32C7850AC383E0A7E5 /* Pods-hipchon.release.xcconfig */ = {isa = PBXFileReference; includeInIndex = 1; lastKnownFileType = text.xcconfig; name = "Pods-hipchon.release.xcconfig"; path = "Target Support Files/Pods-hipchon/Pods-hipchon.release.xcconfig"; sourceTree = "<group>"; };
		7D95E75F856206A0F1A096E8 /* Pods_hipchon.framework */ = {isa = PBXFileReference; explicitFileType = wrapper.framework; includeInIndex = 0; path = Pods_hipchon.framework; sourceTree = BUILT_PRODUCTS_DIR; };
		7E0ABCC1241B3D083244BD37 /* Pods-hipchon.debug.xcconfig */ = {isa = PBXFileReference; includeInIndex = 1; lastKnownFileType = text.xcconfig; name = "Pods-hipchon.debug.xcconfig"; path = "Target Support Files/Pods-hipchon/Pods-hipchon.debug.xcconfig"; sourceTree = "<group>"; };
		D8091FF627B28034000F057E /* FeedViewController.swift */ = {isa = PBXFileReference; lastKnownFileType = sourcecode.swift; path = FeedViewController.swift; sourceTree = "<group>"; };
		D8091FF827B2803E000F057E /* FeedViewModel.swift */ = {isa = PBXFileReference; lastKnownFileType = sourcecode.swift; path = FeedViewModel.swift; sourceTree = "<group>"; };
		D8091FFB27B28095000F057E /* MyPlaceViewController.swift */ = {isa = PBXFileReference; lastKnownFileType = sourcecode.swift; path = MyPlaceViewController.swift; sourceTree = "<group>"; };
		D8091FFD27B280A1000F057E /* MyPlaceViewModel.swift */ = {isa = PBXFileReference; lastKnownFileType = sourcecode.swift; path = MyPlaceViewModel.swift; sourceTree = "<group>"; };
		D809200027B28332000F057E /* PlaceDetailViewController.swift */ = {isa = PBXFileReference; lastKnownFileType = sourcecode.swift; path = PlaceDetailViewController.swift; sourceTree = "<group>"; };
		D809200227B28368000F057E /* PlaceDetailViewModel.swift */ = {isa = PBXFileReference; lastKnownFileType = sourcecode.swift; path = PlaceDetailViewModel.swift; sourceTree = "<group>"; };
		D809200527B286FF000F057E /* PlaceModel.swift */ = {isa = PBXFileReference; lastKnownFileType = sourcecode.swift; path = PlaceModel.swift; sourceTree = "<group>"; };
		D809200827B2872D000F057E /* ReviewModel.swift */ = {isa = PBXFileReference; lastKnownFileType = sourcecode.swift; path = ReviewModel.swift; sourceTree = "<group>"; };
		D809200A27B28831000F057E /* ReviewListCell.swift */ = {isa = PBXFileReference; lastKnownFileType = sourcecode.swift; path = ReviewListCell.swift; sourceTree = "<group>"; };
		D809200C27B28AD9000F057E /* ReviewListCellViewModel.swift */ = {isa = PBXFileReference; lastKnownFileType = sourcecode.swift; path = ReviewListCellViewModel.swift; sourceTree = "<group>"; };
		D809200F27B28C3F000F057E /* ReviewDetailViewController.swift */ = {isa = PBXFileReference; lastKnownFileType = sourcecode.swift; path = ReviewDetailViewController.swift; sourceTree = "<group>"; };
		D809201127B28C46000F057E /* ReviewDetailViewModel.swift */ = {isa = PBXFileReference; lastKnownFileType = sourcecode.swift; path = ReviewDetailViewModel.swift; sourceTree = "<group>"; };
		D80967B827BA83310015E7EF /* UserModel.swift */ = {isa = PBXFileReference; lastKnownFileType = sourcecode.swift; path = UserModel.swift; sourceTree = "<group>"; };
		D80967BB27BA847E0015E7EF /* NetworkManager.swift */ = {isa = PBXFileReference; lastKnownFileType = sourcecode.swift; path = NetworkManager.swift; sourceTree = "<group>"; };
		D8237DDC27B920C400238387 /* SettingViewModel.swift */ = {isa = PBXFileReference; lastKnownFileType = sourcecode.swift; path = SettingViewModel.swift; sourceTree = "<group>"; };
		D8237DDE27B920EB00238387 /* SettingViewController.swift */ = {isa = PBXFileReference; lastKnownFileType = sourcecode.swift; path = SettingViewController.swift; sourceTree = "<group>"; };
		D8237DE127B9245A00238387 /* BannerCell.swift */ = {isa = PBXFileReference; lastKnownFileType = sourcecode.swift; path = BannerCell.swift; sourceTree = "<group>"; };
		D8237DE327B9246400238387 /* BannerCellViewModel.swift */ = {isa = PBXFileReference; lastKnownFileType = sourcecode.swift; path = BannerCellViewModel.swift; sourceTree = "<group>"; };
		D8237DE527B925A700238387 /* BannerModel.swift */ = {isa = PBXFileReference; lastKnownFileType = sourcecode.swift; path = BannerModel.swift; sourceTree = "<group>"; };
		D8237DE727B929BD00238387 /* RxImageView+.swift */ = {isa = PBXFileReference; lastKnownFileType = sourcecode.swift; path = "RxImageView+.swift"; sourceTree = "<group>"; };
		D8237DE927B9304400238387 /* CategoryModel.swift */ = {isa = PBXFileReference; lastKnownFileType = sourcecode.swift; path = CategoryModel.swift; sourceTree = "<group>"; };
		D8237DEB27B9361800238387 /* PlaceImageCell.swift */ = {isa = PBXFileReference; lastKnownFileType = sourcecode.swift; path = PlaceImageCell.swift; sourceTree = "<group>"; };
		D8237DED27B9362800238387 /* PlaceImageCellViewModel.swift */ = {isa = PBXFileReference; lastKnownFileType = sourcecode.swift; path = PlaceImageCellViewModel.swift; sourceTree = "<group>"; };
		D83304DD27AC1763008E7DB7 /* TabBarViewController.swift */ = {isa = PBXFileReference; lastKnownFileType = sourcecode.swift; path = TabBarViewController.swift; sourceTree = "<group>"; };
		D83304DF27AC1A36008E7DB7 /* ProfileViewController.swift */ = {isa = PBXFileReference; lastKnownFileType = sourcecode.swift; path = ProfileViewController.swift; sourceTree = "<group>"; };
		D83304E127AC1A43008E7DB7 /* ProfileViewModel.swift */ = {isa = PBXFileReference; lastKnownFileType = sourcecode.swift; path = ProfileViewModel.swift; sourceTree = "<group>"; };
		D83304E427AC1AAA008E7DB7 /* DefaultViewController.swift */ = {isa = PBXFileReference; lastKnownFileType = sourcecode.swift; path = DefaultViewController.swift; sourceTree = "<group>"; };
		D83304E627AC1AEB008E7DB7 /* DefaultViewModel.swift */ = {isa = PBXFileReference; lastKnownFileType = sourcecode.swift; path = DefaultViewModel.swift; sourceTree = "<group>"; };
		D83E538A27AA59160047A05C /* PlaceListViewController.swift */ = {isa = PBXFileReference; lastKnownFileType = sourcecode.swift; path = PlaceListViewController.swift; sourceTree = "<group>"; };
		D83E538C27AA59200047A05C /* PlaceListViewModel.swift */ = {isa = PBXFileReference; lastKnownFileType = sourcecode.swift; path = PlaceListViewModel.swift; sourceTree = "<group>"; };
		D83E538E27AA65E10047A05C /* CategoryCellViewModel.swift */ = {isa = PBXFileReference; lastKnownFileType = sourcecode.swift; path = CategoryCellViewModel.swift; sourceTree = "<group>"; };
		D83E539227AA6D0C0047A05C /* PlaceListCell.swift */ = {isa = PBXFileReference; lastKnownFileType = sourcecode.swift; path = PlaceListCell.swift; sourceTree = "<group>"; };
		D83E539427AA6F310047A05C /* PlaceListCellViewModel.swift */ = {isa = PBXFileReference; lastKnownFileType = sourcecode.swift; path = PlaceListCellViewModel.swift; sourceTree = "<group>"; };
		D841C86D27A6C224005B8C25 /* UIView+.swift */ = {isa = PBXFileReference; lastKnownFileType = sourcecode.swift; path = "UIView+.swift"; sourceTree = "<group>"; };
		D841C86F27A6C552005B8C25 /* CategoryCell.swift */ = {isa = PBXFileReference; lastKnownFileType = sourcecode.swift; path = CategoryCell.swift; sourceTree = "<group>"; };
		D871F4A727BD111300CCDE4D /* PickCell.swift */ = {isa = PBXFileReference; lastKnownFileType = sourcecode.swift; path = PickCell.swift; sourceTree = "<group>"; };
		D871F4A927BD111900CCDE4D /* PickCellModel.swift */ = {isa = PBXFileReference; lastKnownFileType = sourcecode.swift; path = PickCellModel.swift; sourceTree = "<group>"; };
		D871F4AB27BD11CF00CCDE4D /* PickView.swift */ = {isa = PBXFileReference; lastKnownFileType = sourcecode.swift; path = PickView.swift; sourceTree = "<group>"; };
		D871F4AD27BD12D700CCDE4D /* PickViewModel.swift */ = {isa = PBXFileReference; lastKnownFileType = sourcecode.swift; path = PickViewModel.swift; sourceTree = "<group>"; };
		D871F4AF27BD186100CCDE4D /* WeeklyHipPlaceView.swift */ = {isa = PBXFileReference; lastKnownFileType = sourcecode.swift; path = WeeklyHipPlaceView.swift; sourceTree = "<group>"; };
		D871F4B127BD188100CCDE4D /* WeeklyHipPlaceViewModel.swift */ = {isa = PBXFileReference; lastKnownFileType = sourcecode.swift; path = WeeklyHipPlaceViewModel.swift; sourceTree = "<group>"; };
		D871F4B327BD18DC00CCDE4D /* HipPlaceCell.swift */ = {isa = PBXFileReference; lastKnownFileType = sourcecode.swift; path = HipPlaceCell.swift; sourceTree = "<group>"; };
		D871F4B527BD18E300CCDE4D /* HipPlaceCellViewModel.swift */ = {isa = PBXFileReference; lastKnownFileType = sourcecode.swift; path = HipPlaceCellViewModel.swift; sourceTree = "<group>"; };
		D871F4B727BD23F800CCDE4D /* MyPlaceCell.swift */ = {isa = PBXFileReference; lastKnownFileType = sourcecode.swift; path = MyPlaceCell.swift; sourceTree = "<group>"; };
		D871F4B927BD240100CCDE4D /* MyPlaceCellViewModel.swift */ = {isa = PBXFileReference; lastKnownFileType = sourcecode.swift; path = MyPlaceCellViewModel.swift; sourceTree = "<group>"; };
		D871F4BB27BD395E00CCDE4D /* PhotoCell.swift */ = {isa = PBXFileReference; lastKnownFileType = sourcecode.swift; path = PhotoCell.swift; sourceTree = "<group>"; };
		D871F4BD27BD396600CCDE4D /* PhotoCellViewModel.swift */ = {isa = PBXFileReference; lastKnownFileType = sourcecode.swift; path = PhotoCellViewModel.swift; sourceTree = "<group>"; };
		D88FAF7927A67D6F00E41F4F /* hipchon.app */ = {isa = PBXFileReference; explicitFileType = wrapper.application; includeInIndex = 0; path = hipchon.app; sourceTree = BUILT_PRODUCTS_DIR; };
		D88FAF7C27A67D6F00E41F4F /* AppDelegate.swift */ = {isa = PBXFileReference; lastKnownFileType = sourcecode.swift; path = AppDelegate.swift; sourceTree = "<group>"; };
		D88FAF7E27A67D6F00E41F4F /* SceneDelegate.swift */ = {isa = PBXFileReference; lastKnownFileType = sourcecode.swift; path = SceneDelegate.swift; sourceTree = "<group>"; };
		D88FAF8027A67D6F00E41F4F /* LoginViewController.swift */ = {isa = PBXFileReference; lastKnownFileType = sourcecode.swift; path = LoginViewController.swift; sourceTree = "<group>"; };
		D88FAF8527A67D7100E41F4F /* Assets.xcassets */ = {isa = PBXFileReference; lastKnownFileType = folder.assetcatalog; path = Assets.xcassets; sourceTree = "<group>"; };
		D88FAF8827A67D7100E41F4F /* Base */ = {isa = PBXFileReference; lastKnownFileType = file.storyboard; name = Base; path = Base.lproj/LaunchScreen.storyboard; sourceTree = "<group>"; };
		D88FAF8A27A67D7100E41F4F /* Info.plist */ = {isa = PBXFileReference; lastKnownFileType = text.plist.xml; path = Info.plist; sourceTree = "<group>"; };
		D88FAF9027A689B500E41F4F /* LoginViewModel.swift */ = {isa = PBXFileReference; lastKnownFileType = sourcecode.swift; path = LoginViewModel.swift; sourceTree = "<group>"; };
		D88FAF9227A68A7900E41F4F /* LoginModel.swift */ = {isa = PBXFileReference; lastKnownFileType = sourcecode.swift; path = LoginModel.swift; sourceTree = "<group>"; };
		D88FAF9427A68AD500E41F4F /* HomeViewController.swift */ = {isa = PBXFileReference; lastKnownFileType = sourcecode.swift; path = HomeViewController.swift; sourceTree = "<group>"; };
		D88FAF9627A68ADB00E41F4F /* HomeViewModel.swift */ = {isa = PBXFileReference; lastKnownFileType = sourcecode.swift; path = HomeViewModel.swift; sourceTree = "<group>"; };
		D8E019D827C0CFA600A167CA /* SearchNavigationView.swift */ = {isa = PBXFileReference; lastKnownFileType = sourcecode.swift; path = SearchNavigationView.swift; sourceTree = "<group>"; };
		D8E019DA27C0CFAF00A167CA /* SearchNavigationViewModel.swift */ = {isa = PBXFileReference; lastKnownFileType = sourcecode.swift; path = SearchNavigationViewModel.swift; sourceTree = "<group>"; };
		D8E7756327A810C0005E037D /* MainFilterView.swift */ = {isa = PBXFileReference; lastKnownFileType = sourcecode.swift; path = MainFilterView.swift; sourceTree = "<group>"; };
		D8E7756527A81178005E037D /* MainFilterViewModel.swift */ = {isa = PBXFileReference; lastKnownFileType = sourcecode.swift; path = MainFilterViewModel.swift; sourceTree = "<group>"; };
/* End PBXFileReference section */

/* Begin PBXFrameworksBuildPhase section */
		D88FAF7627A67D6F00E41F4F /* Frameworks */ = {
			isa = PBXFrameworksBuildPhase;
			buildActionMask = 2147483647;
			files = (
				3A7D358079476DF3ECF3F75A /* Pods_hipchon.framework in Frameworks */,
			);
			runOnlyForDeploymentPostprocessing = 0;
		};
/* End PBXFrameworksBuildPhase section */

/* Begin PBXGroup section */
		D2E56D2ED39076DCD9CFBEA4 /* Pods */ = {
			isa = PBXGroup;
			children = (
				7E0ABCC1241B3D083244BD37 /* Pods-hipchon.debug.xcconfig */,
				78BDEC32C7850AC383E0A7E5 /* Pods-hipchon.release.xcconfig */,
			);
			path = Pods;
			sourceTree = "<group>";
		};
		D68A083C9622C1E3C9F497C3 /* Frameworks */ = {
			isa = PBXGroup;
			children = (
				7D95E75F856206A0F1A096E8 /* Pods_hipchon.framework */,
			);
			name = Frameworks;
			sourceTree = "<group>";
		};
		D8091FF527B28003000F057E /* Profile */ = {
			isa = PBXGroup;
			children = (
				D83304DF27AC1A36008E7DB7 /* ProfileViewController.swift */,
				D83304E127AC1A43008E7DB7 /* ProfileViewModel.swift */,
			);
			path = Profile;
			sourceTree = "<group>";
		};
		D8091FFA27B28071000F057E /* Feed */ = {
			isa = PBXGroup;
			children = (
				D8091FF627B28034000F057E /* FeedViewController.swift */,
				D8091FF827B2803E000F057E /* FeedViewModel.swift */,
				D809200A27B28831000F057E /* ReviewListCell.swift */,
				D809200C27B28AD9000F057E /* ReviewListCellViewModel.swift */,
				D8E019D827C0CFA600A167CA /* SearchNavigationView.swift */,
				D8E019DA27C0CFAF00A167CA /* SearchNavigationViewModel.swift */,
			);
			path = Feed;
			sourceTree = "<group>";
		};
		D8091FFF27B280BD000F057E /* MyPlace */ = {
			isa = PBXGroup;
			children = (
				D8091FFB27B28095000F057E /* MyPlaceViewController.swift */,
				D8091FFD27B280A1000F057E /* MyPlaceViewModel.swift */,
				D871F4B727BD23F800CCDE4D /* MyPlaceCell.swift */,
				D871F4B927BD240100CCDE4D /* MyPlaceCellViewModel.swift */,
			);
			path = MyPlace;
			sourceTree = "<group>";
		};
		D809200427B28381000F057E /* PlaceDetail */ = {
			isa = PBXGroup;
			children = (
				D809200027B28332000F057E /* PlaceDetailViewController.swift */,
				D809200227B28368000F057E /* PlaceDetailViewModel.swift */,
				D8237DEB27B9361800238387 /* PlaceImageCell.swift */,
				D8237DED27B9362800238387 /* PlaceImageCellViewModel.swift */,
			);
			path = PlaceDetail;
			sourceTree = "<group>";
		};
		D809200727B28703000F057E /* Models */ = {
			isa = PBXGroup;
			children = (
				D8237DE927B9304400238387 /* CategoryModel.swift */,
				D809200527B286FF000F057E /* PlaceModel.swift */,
				D809200827B2872D000F057E /* ReviewModel.swift */,
				D8237DE527B925A700238387 /* BannerModel.swift */,
				D80967B827BA83310015E7EF /* UserModel.swift */,
			);
			path = Models;
			sourceTree = "<group>";
		};
		D809200E27B28C2C000F057E /* ReviewDetail */ = {
			isa = PBXGroup;
			children = (
				D809200F27B28C3F000F057E /* ReviewDetailViewController.swift */,
				D809201127B28C46000F057E /* ReviewDetailViewModel.swift */,
			);
			path = ReviewDetail;
			sourceTree = "<group>";
		};
		D80967BA27BA846C0015E7EF /* Managers */ = {
			isa = PBXGroup;
			children = (
				D80967BB27BA847E0015E7EF /* NetworkManager.swift */,
			);
			path = Managers;
			sourceTree = "<group>";
		};
		D8237DE027B921A900238387 /* Setting */ = {
			isa = PBXGroup;
			children = (
				D8237DDE27B920EB00238387 /* SettingViewController.swift */,
				D8237DDC27B920C400238387 /* SettingViewModel.swift */,
			);
			path = Setting;
			sourceTree = "<group>";
		};
		D83304E327AC1A9E008E7DB7 /* Extensions */ = {
			isa = PBXGroup;
			children = (
				D841C86D27A6C224005B8C25 /* UIView+.swift */,
				D8237DE727B929BD00238387 /* RxImageView+.swift */,
			);
			path = Extensions;
			sourceTree = "<group>";
		};
		D83E539027AA68500047A05C /* CategoryCell */ = {
			isa = PBXGroup;
			children = (
				D841C86F27A6C552005B8C25 /* CategoryCell.swift */,
				D83E538E27AA65E10047A05C /* CategoryCellViewModel.swift */,
				D8237DE127B9245A00238387 /* BannerCell.swift */,
				D8237DE327B9246400238387 /* BannerCellViewModel.swift */,
				D871F4A727BD111300CCDE4D /* PickCell.swift */,
				D871F4A927BD111900CCDE4D /* PickCellModel.swift */,
				D871F4B327BD18DC00CCDE4D /* HipPlaceCell.swift */,
				D871F4B527BD18E300CCDE4D /* HipPlaceCellViewModel.swift */,
			);
			path = CategoryCell;
			sourceTree = "<group>";
		};
		D83E539127AA6D010047A05C /* PlaceList */ = {
			isa = PBXGroup;
			children = (
				D83E538A27AA59160047A05C /* PlaceListViewController.swift */,
				D83E538C27AA59200047A05C /* PlaceListViewModel.swift */,
				D83E539227AA6D0C0047A05C /* PlaceListCell.swift */,
				D83E539427AA6F310047A05C /* PlaceListCellViewModel.swift */,
				D871F4BB27BD395E00CCDE4D /* PhotoCell.swift */,
				D871F4BD27BD396600CCDE4D /* PhotoCellViewModel.swift */,
			);
			path = PlaceList;
			sourceTree = "<group>";
		};
		D841C86B27A6B60C005B8C25 /* Auth */ = {
			isa = PBXGroup;
			children = (
				D88FAF8027A67D6F00E41F4F /* LoginViewController.swift */,
				D88FAF9027A689B500E41F4F /* LoginViewModel.swift */,
				D88FAF9227A68A7900E41F4F /* LoginModel.swift */,
			);
			path = Auth;
			sourceTree = "<group>";
		};
		D841C86C27A6B613005B8C25 /* Home */ = {
			isa = PBXGroup;
			children = (
				D88FAF9427A68AD500E41F4F /* HomeViewController.swift */,
				D88FAF9627A68ADB00E41F4F /* HomeViewModel.swift */,
				D8E7756327A810C0005E037D /* MainFilterView.swift */,
				D8E7756527A81178005E037D /* MainFilterViewModel.swift */,
				D871F4AB27BD11CF00CCDE4D /* PickView.swift */,
				D871F4AD27BD12D700CCDE4D /* PickViewModel.swift */,
				D871F4AF27BD186100CCDE4D /* WeeklyHipPlaceView.swift */,
				D871F4B127BD188100CCDE4D /* WeeklyHipPlaceViewModel.swift */,
				D841C87127A6C706005B8C25 /* Subcomponents */,
			);
			path = Home;
			sourceTree = "<group>";
		};
		D841C87127A6C706005B8C25 /* Subcomponents */ = {
			isa = PBXGroup;
			children = (
				D83E539027AA68500047A05C /* CategoryCell */,
			);
			path = Subcomponents;
			sourceTree = "<group>";
		};
		D88FAF7027A67D6F00E41F4F = {
			isa = PBXGroup;
			children = (
				D88FAF7B27A67D6F00E41F4F /* hipchon */,
				D88FAF7A27A67D6F00E41F4F /* Products */,
				D2E56D2ED39076DCD9CFBEA4 /* Pods */,
				D68A083C9622C1E3C9F497C3 /* Frameworks */,
			);
			sourceTree = "<group>";
		};
		D88FAF7A27A67D6F00E41F4F /* Products */ = {
			isa = PBXGroup;
			children = (
				D88FAF7927A67D6F00E41F4F /* hipchon.app */,
			);
			name = Products;
			sourceTree = "<group>";
		};
		D88FAF7B27A67D6F00E41F4F /* hipchon */ = {
			isa = PBXGroup;
			children = (
				D88FAF7C27A67D6F00E41F4F /* AppDelegate.swift */,
				D88FAF7E27A67D6F00E41F4F /* SceneDelegate.swift */,
				D88FAF8527A67D7100E41F4F /* Assets.xcassets */,
				D88FAF8727A67D7100E41F4F /* LaunchScreen.storyboard */,
				D88FAF8A27A67D7100E41F4F /* Info.plist */,
				D83304E427AC1AAA008E7DB7 /* DefaultViewController.swift */,
				D83304E627AC1AEB008E7DB7 /* DefaultViewModel.swift */,
				D83304DD27AC1763008E7DB7 /* TabBarViewController.swift */,
				D809200727B28703000F057E /* Models */,
				D83304E327AC1A9E008E7DB7 /* Extensions */,
				D80967BA27BA846C0015E7EF /* Managers */,
				D841C86B27A6B60C005B8C25 /* Auth */,
				D841C86C27A6B613005B8C25 /* Home */,
				D8091FFF27B280BD000F057E /* MyPlace */,
				D8091FFA27B28071000F057E /* Feed */,
				D809200E27B28C2C000F057E /* ReviewDetail */,
				D8091FF527B28003000F057E /* Profile */,
				D8237DE027B921A900238387 /* Setting */,
				D83E539127AA6D010047A05C /* PlaceList */,
				D809200427B28381000F057E /* PlaceDetail */,
			);
			path = hipchon;
			sourceTree = "<group>";
		};
/* End PBXGroup section */

/* Begin PBXNativeTarget section */
		D88FAF7827A67D6F00E41F4F /* hipchon */ = {
			isa = PBXNativeTarget;
			buildConfigurationList = D88FAF8D27A67D7100E41F4F /* Build configuration list for PBXNativeTarget "hipchon" */;
			buildPhases = (
				4E44231CDCCA4043AE33CE4D /* [CP] Check Pods Manifest.lock */,
				D88FAF7527A67D6F00E41F4F /* Sources */,
				D88FAF7627A67D6F00E41F4F /* Frameworks */,
				D88FAF7727A67D6F00E41F4F /* Resources */,
				43DCFF3CB5FBCDABCBF8B2DF /* [CP] Embed Pods Frameworks */,
			);
			buildRules = (
			);
			dependencies = (
			);
			name = hipchon;
			productName = hipchon;
			productReference = D88FAF7927A67D6F00E41F4F /* hipchon.app */;
			productType = "com.apple.product-type.application";
		};
/* End PBXNativeTarget section */

/* Begin PBXProject section */
		D88FAF7127A67D6F00E41F4F /* Project object */ = {
			isa = PBXProject;
			attributes = {
				BuildIndependentTargetsInParallel = 1;
				LastSwiftUpdateCheck = 1310;
				LastUpgradeCheck = 1310;
				TargetAttributes = {
					D88FAF7827A67D6F00E41F4F = {
						CreatedOnToolsVersion = 13.1;
					};
				};
			};
			buildConfigurationList = D88FAF7427A67D6F00E41F4F /* Build configuration list for PBXProject "hipchon" */;
			compatibilityVersion = "Xcode 13.0";
			developmentRegion = en;
			hasScannedForEncodings = 0;
			knownRegions = (
				en,
				Base,
			);
			mainGroup = D88FAF7027A67D6F00E41F4F;
			productRefGroup = D88FAF7A27A67D6F00E41F4F /* Products */;
			projectDirPath = "";
			projectRoot = "";
			targets = (
				D88FAF7827A67D6F00E41F4F /* hipchon */,
			);
		};
/* End PBXProject section */

/* Begin PBXResourcesBuildPhase section */
		D88FAF7727A67D6F00E41F4F /* Resources */ = {
			isa = PBXResourcesBuildPhase;
			buildActionMask = 2147483647;
			files = (
				D88FAF8927A67D7100E41F4F /* LaunchScreen.storyboard in Resources */,
				D88FAF8627A67D7100E41F4F /* Assets.xcassets in Resources */,
			);
			runOnlyForDeploymentPostprocessing = 0;
		};
/* End PBXResourcesBuildPhase section */

/* Begin PBXShellScriptBuildPhase section */
		43DCFF3CB5FBCDABCBF8B2DF /* [CP] Embed Pods Frameworks */ = {
			isa = PBXShellScriptBuildPhase;
			buildActionMask = 2147483647;
			files = (
			);
			inputFileListPaths = (
				"${PODS_ROOT}/Target Support Files/Pods-hipchon/Pods-hipchon-frameworks-${CONFIGURATION}-input-files.xcfilelist",
			);
			name = "[CP] Embed Pods Frameworks";
			outputFileListPaths = (
				"${PODS_ROOT}/Target Support Files/Pods-hipchon/Pods-hipchon-frameworks-${CONFIGURATION}-output-files.xcfilelist",
			);
			runOnlyForDeploymentPostprocessing = 0;
			shellPath = /bin/sh;
			shellScript = "\"${PODS_ROOT}/Target Support Files/Pods-hipchon/Pods-hipchon-frameworks.sh\"\n";
			showEnvVarsInLog = 0;
		};
		4E44231CDCCA4043AE33CE4D /* [CP] Check Pods Manifest.lock */ = {
			isa = PBXShellScriptBuildPhase;
			buildActionMask = 2147483647;
			files = (
			);
			inputFileListPaths = (
			);
			inputPaths = (
				"${PODS_PODFILE_DIR_PATH}/Podfile.lock",
				"${PODS_ROOT}/Manifest.lock",
			);
			name = "[CP] Check Pods Manifest.lock";
			outputFileListPaths = (
			);
			outputPaths = (
				"$(DERIVED_FILE_DIR)/Pods-hipchon-checkManifestLockResult.txt",
			);
			runOnlyForDeploymentPostprocessing = 0;
			shellPath = /bin/sh;
			shellScript = "diff \"${PODS_PODFILE_DIR_PATH}/Podfile.lock\" \"${PODS_ROOT}/Manifest.lock\" > /dev/null\nif [ $? != 0 ] ; then\n    # print error to STDERR\n    echo \"error: The sandbox is not in sync with the Podfile.lock. Run 'pod install' or update your CocoaPods installation.\" >&2\n    exit 1\nfi\n# This output is used by Xcode 'outputs' to avoid re-running this script phase.\necho \"SUCCESS\" > \"${SCRIPT_OUTPUT_FILE_0}\"\n";
			showEnvVarsInLog = 0;
		};
/* End PBXShellScriptBuildPhase section */

/* Begin PBXSourcesBuildPhase section */
		D88FAF7527A67D6F00E41F4F /* Sources */ = {
			isa = PBXSourcesBuildPhase;
			buildActionMask = 2147483647;
			files = (
				D8237DEE27B9362800238387 /* PlaceImageCellViewModel.swift in Sources */,
				D871F4BE27BD396600CCDE4D /* PhotoCellViewModel.swift in Sources */,
				D83E539327AA6D0C0047A05C /* PlaceListCell.swift in Sources */,
				D83304E227AC1A43008E7DB7 /* ProfileViewModel.swift in Sources */,
				D8091FFE27B280A1000F057E /* MyPlaceViewModel.swift in Sources */,
				D80967BC27BA847E0015E7EF /* NetworkManager.swift in Sources */,
				D83E538B27AA59170047A05C /* PlaceListViewController.swift in Sources */,
				D83E538F27AA65E10047A05C /* CategoryCellViewModel.swift in Sources */,
				D8237DE627B925A700238387 /* BannerModel.swift in Sources */,
				D8237DDF27B920EB00238387 /* SettingViewController.swift in Sources */,
				D88FAF9327A68A7900E41F4F /* LoginModel.swift in Sources */,
				D83E539527AA6F310047A05C /* PlaceListCellViewModel.swift in Sources */,
				D8091FF927B2803E000F057E /* FeedViewModel.swift in Sources */,
				D809200127B28332000F057E /* PlaceDetailViewController.swift in Sources */,
				D809200327B28368000F057E /* PlaceDetailViewModel.swift in Sources */,
				D809200D27B28AD9000F057E /* ReviewListCellViewModel.swift in Sources */,
				D8237DEA27B9304400238387 /* CategoryModel.swift in Sources */,
				D88FAF9127A689B500E41F4F /* LoginViewModel.swift in Sources */,
				D809200B27B28831000F057E /* ReviewListCell.swift in Sources */,
				D83304E027AC1A36008E7DB7 /* ProfileViewController.swift in Sources */,
				D841C87027A6C554005B8C25 /* CategoryCell.swift in Sources */,
				D83304E527AC1AAA008E7DB7 /* DefaultViewController.swift in Sources */,
				D871F4AA27BD111900CCDE4D /* PickCellModel.swift in Sources */,
				D8237DE227B9245A00238387 /* BannerCell.swift in Sources */,
				D8E7756427A810C0005E037D /* MainFilterView.swift in Sources */,
				D8237DE427B9246400238387 /* BannerCellViewModel.swift in Sources */,
				D809201227B28C46000F057E /* ReviewDetailViewModel.swift in Sources */,
				D8E7756627A81178005E037D /* MainFilterViewModel.swift in Sources */,
				D871F4B427BD18DC00CCDE4D /* HipPlaceCell.swift in Sources */,
				D83304DE27AC1763008E7DB7 /* TabBarViewController.swift in Sources */,
				D871F4AE27BD12D700CCDE4D /* PickViewModel.swift in Sources */,
				D88FAF9727A68ADB00E41F4F /* HomeViewModel.swift in Sources */,
				D8E019DB27C0CFAF00A167CA /* SearchNavigationViewModel.swift in Sources */,
				D871F4BC27BD395E00CCDE4D /* PhotoCell.swift in Sources */,
				D88FAF8127A67D6F00E41F4F /* LoginViewController.swift in Sources */,
				D8091FFC27B28095000F057E /* MyPlaceViewController.swift in Sources */,
				D8237DDD27B920C400238387 /* SettingViewModel.swift in Sources */,
				D841C86E27A6C224005B8C25 /* UIView+.swift in Sources */,
				D88FAF7D27A67D6F00E41F4F /* AppDelegate.swift in Sources */,
				D83304E727AC1AEB008E7DB7 /* DefaultViewModel.swift in Sources */,
				D8091FF727B28034000F057E /* FeedViewController.swift in Sources */,
				D871F4B827BD23F800CCDE4D /* MyPlaceCell.swift in Sources */,
				D871F4B027BD186100CCDE4D /* WeeklyHipPlaceView.swift in Sources */,
				D8237DE827B929BD00238387 /* RxImageView+.swift in Sources */,
				D83E538D27AA59200047A05C /* PlaceListViewModel.swift in Sources */,
				D80967B927BA83310015E7EF /* UserModel.swift in Sources */,
				D871F4A827BD111300CCDE4D /* PickCell.swift in Sources */,
				D8237DEC27B9361800238387 /* PlaceImageCell.swift in Sources */,
				D809200627B286FF000F057E /* PlaceModel.swift in Sources */,
				D8E019D927C0CFA600A167CA /* SearchNavigationView.swift in Sources */,
				D88FAF7F27A67D6F00E41F4F /* SceneDelegate.swift in Sources */,
				D88FAF9527A68AD500E41F4F /* HomeViewController.swift in Sources */,
				D809201027B28C3F000F057E /* ReviewDetailViewController.swift in Sources */,
				D871F4B627BD18E300CCDE4D /* HipPlaceCellViewModel.swift in Sources */,
				D871F4BA27BD240100CCDE4D /* MyPlaceCellViewModel.swift in Sources */,
				D809200927B2872D000F057E /* ReviewModel.swift in Sources */,
				D871F4AC27BD11CF00CCDE4D /* PickView.swift in Sources */,
				D871F4B227BD188100CCDE4D /* WeeklyHipPlaceViewModel.swift in Sources */,
			);
			runOnlyForDeploymentPostprocessing = 0;
		};
/* End PBXSourcesBuildPhase section */

/* Begin PBXVariantGroup section */
		D88FAF8727A67D7100E41F4F /* LaunchScreen.storyboard */ = {
			isa = PBXVariantGroup;
			children = (
				D88FAF8827A67D7100E41F4F /* Base */,
			);
			name = LaunchScreen.storyboard;
			sourceTree = "<group>";
		};
/* End PBXVariantGroup section */

/* Begin XCBuildConfiguration section */
		D88FAF8B27A67D7100E41F4F /* Debug */ = {
			isa = XCBuildConfiguration;
			buildSettings = {
				ALWAYS_SEARCH_USER_PATHS = NO;
				CLANG_ANALYZER_NONNULL = YES;
				CLANG_ANALYZER_NUMBER_OBJECT_CONVERSION = YES_AGGRESSIVE;
				CLANG_CXX_LANGUAGE_STANDARD = "gnu++17";
				CLANG_CXX_LIBRARY = "libc++";
				CLANG_ENABLE_MODULES = YES;
				CLANG_ENABLE_OBJC_ARC = YES;
				CLANG_ENABLE_OBJC_WEAK = YES;
				CLANG_WARN_BLOCK_CAPTURE_AUTORELEASING = YES;
				CLANG_WARN_BOOL_CONVERSION = YES;
				CLANG_WARN_COMMA = YES;
				CLANG_WARN_CONSTANT_CONVERSION = YES;
				CLANG_WARN_DEPRECATED_OBJC_IMPLEMENTATIONS = YES;
				CLANG_WARN_DIRECT_OBJC_ISA_USAGE = YES_ERROR;
				CLANG_WARN_DOCUMENTATION_COMMENTS = YES;
				CLANG_WARN_EMPTY_BODY = YES;
				CLANG_WARN_ENUM_CONVERSION = YES;
				CLANG_WARN_INFINITE_RECURSION = YES;
				CLANG_WARN_INT_CONVERSION = YES;
				CLANG_WARN_NON_LITERAL_NULL_CONVERSION = YES;
				CLANG_WARN_OBJC_IMPLICIT_RETAIN_SELF = YES;
				CLANG_WARN_OBJC_LITERAL_CONVERSION = YES;
				CLANG_WARN_OBJC_ROOT_CLASS = YES_ERROR;
				CLANG_WARN_QUOTED_INCLUDE_IN_FRAMEWORK_HEADER = YES;
				CLANG_WARN_RANGE_LOOP_ANALYSIS = YES;
				CLANG_WARN_STRICT_PROTOTYPES = YES;
				CLANG_WARN_SUSPICIOUS_MOVE = YES;
				CLANG_WARN_UNGUARDED_AVAILABILITY = YES_AGGRESSIVE;
				CLANG_WARN_UNREACHABLE_CODE = YES;
				CLANG_WARN__DUPLICATE_METHOD_MATCH = YES;
				COPY_PHASE_STRIP = NO;
				DEBUG_INFORMATION_FORMAT = dwarf;
				ENABLE_STRICT_OBJC_MSGSEND = YES;
				ENABLE_TESTABILITY = YES;
				GCC_C_LANGUAGE_STANDARD = gnu11;
				GCC_DYNAMIC_NO_PIC = NO;
				GCC_NO_COMMON_BLOCKS = YES;
				GCC_OPTIMIZATION_LEVEL = 0;
				GCC_PREPROCESSOR_DEFINITIONS = (
					"DEBUG=1",
					"$(inherited)",
				);
				GCC_WARN_64_TO_32_BIT_CONVERSION = YES;
				GCC_WARN_ABOUT_RETURN_TYPE = YES_ERROR;
				GCC_WARN_UNDECLARED_SELECTOR = YES;
				GCC_WARN_UNINITIALIZED_AUTOS = YES_AGGRESSIVE;
				GCC_WARN_UNUSED_FUNCTION = YES;
				GCC_WARN_UNUSED_VARIABLE = YES;
				IPHONEOS_DEPLOYMENT_TARGET = 14.0;
				MTL_ENABLE_DEBUG_INFO = INCLUDE_SOURCE;
				MTL_FAST_MATH = YES;
				ONLY_ACTIVE_ARCH = YES;
				SDKROOT = iphoneos;
				SWIFT_ACTIVE_COMPILATION_CONDITIONS = DEBUG;
				SWIFT_OPTIMIZATION_LEVEL = "-Onone";
			};
			name = Debug;
		};
		D88FAF8C27A67D7100E41F4F /* Release */ = {
			isa = XCBuildConfiguration;
			buildSettings = {
				ALWAYS_SEARCH_USER_PATHS = NO;
				CLANG_ANALYZER_NONNULL = YES;
				CLANG_ANALYZER_NUMBER_OBJECT_CONVERSION = YES_AGGRESSIVE;
				CLANG_CXX_LANGUAGE_STANDARD = "gnu++17";
				CLANG_CXX_LIBRARY = "libc++";
				CLANG_ENABLE_MODULES = YES;
				CLANG_ENABLE_OBJC_ARC = YES;
				CLANG_ENABLE_OBJC_WEAK = YES;
				CLANG_WARN_BLOCK_CAPTURE_AUTORELEASING = YES;
				CLANG_WARN_BOOL_CONVERSION = YES;
				CLANG_WARN_COMMA = YES;
				CLANG_WARN_CONSTANT_CONVERSION = YES;
				CLANG_WARN_DEPRECATED_OBJC_IMPLEMENTATIONS = YES;
				CLANG_WARN_DIRECT_OBJC_ISA_USAGE = YES_ERROR;
				CLANG_WARN_DOCUMENTATION_COMMENTS = YES;
				CLANG_WARN_EMPTY_BODY = YES;
				CLANG_WARN_ENUM_CONVERSION = YES;
				CLANG_WARN_INFINITE_RECURSION = YES;
				CLANG_WARN_INT_CONVERSION = YES;
				CLANG_WARN_NON_LITERAL_NULL_CONVERSION = YES;
				CLANG_WARN_OBJC_IMPLICIT_RETAIN_SELF = YES;
				CLANG_WARN_OBJC_LITERAL_CONVERSION = YES;
				CLANG_WARN_OBJC_ROOT_CLASS = YES_ERROR;
				CLANG_WARN_QUOTED_INCLUDE_IN_FRAMEWORK_HEADER = YES;
				CLANG_WARN_RANGE_LOOP_ANALYSIS = YES;
				CLANG_WARN_STRICT_PROTOTYPES = YES;
				CLANG_WARN_SUSPICIOUS_MOVE = YES;
				CLANG_WARN_UNGUARDED_AVAILABILITY = YES_AGGRESSIVE;
				CLANG_WARN_UNREACHABLE_CODE = YES;
				CLANG_WARN__DUPLICATE_METHOD_MATCH = YES;
				COPY_PHASE_STRIP = NO;
				DEBUG_INFORMATION_FORMAT = "dwarf-with-dsym";
				ENABLE_NS_ASSERTIONS = NO;
				ENABLE_STRICT_OBJC_MSGSEND = YES;
				GCC_C_LANGUAGE_STANDARD = gnu11;
				GCC_NO_COMMON_BLOCKS = YES;
				GCC_WARN_64_TO_32_BIT_CONVERSION = YES;
				GCC_WARN_ABOUT_RETURN_TYPE = YES_ERROR;
				GCC_WARN_UNDECLARED_SELECTOR = YES;
				GCC_WARN_UNINITIALIZED_AUTOS = YES_AGGRESSIVE;
				GCC_WARN_UNUSED_FUNCTION = YES;
				GCC_WARN_UNUSED_VARIABLE = YES;
				IPHONEOS_DEPLOYMENT_TARGET = 14.0;
				MTL_ENABLE_DEBUG_INFO = NO;
				MTL_FAST_MATH = YES;
				SDKROOT = iphoneos;
				SWIFT_COMPILATION_MODE = wholemodule;
				SWIFT_OPTIMIZATION_LEVEL = "-O";
				VALIDATE_PRODUCT = YES;
			};
			name = Release;
		};
		D88FAF8E27A67D7100E41F4F /* Debug */ = {
			isa = XCBuildConfiguration;
			baseConfigurationReference = 7E0ABCC1241B3D083244BD37 /* Pods-hipchon.debug.xcconfig */;
			buildSettings = {
				ASSETCATALOG_COMPILER_APPICON_NAME = AppIcon;
				ASSETCATALOG_COMPILER_GLOBAL_ACCENT_COLOR_NAME = AccentColor;
				CODE_SIGN_STYLE = Automatic;
				CURRENT_PROJECT_VERSION = 1;
				DEVELOPMENT_TEAM = SPJ3VZVK78;
				GENERATE_INFOPLIST_FILE = YES;
				INFOPLIST_FILE = hipchon/Info.plist;
				INFOPLIST_KEY_UIApplicationSupportsIndirectInputEvents = YES;
				INFOPLIST_KEY_UILaunchStoryboardName = LaunchScreen;
				INFOPLIST_KEY_UISupportedInterfaceOrientations_iPad = "UIInterfaceOrientationPortrait UIInterfaceOrientationPortraitUpsideDown UIInterfaceOrientationLandscapeLeft UIInterfaceOrientationLandscapeRight";
				INFOPLIST_KEY_UISupportedInterfaceOrientations_iPhone = "UIInterfaceOrientationPortrait UIInterfaceOrientationLandscapeLeft UIInterfaceOrientationLandscapeRight";
				LD_RUNPATH_SEARCH_PATHS = (
					"$(inherited)",
					"@executable_path/Frameworks",
				);
				MARKETING_VERSION = 1.0;
				PRODUCT_BUNDLE_IDENTIFIER = beomsoo.hipchon;
				PRODUCT_NAME = "$(TARGET_NAME)";
				SWIFT_EMIT_LOC_STRINGS = YES;
				SWIFT_VERSION = 5.0;
				TARGETED_DEVICE_FAMILY = "1,2";
			};
			name = Debug;
		};
		D88FAF8F27A67D7100E41F4F /* Release */ = {
			isa = XCBuildConfiguration;
			baseConfigurationReference = 78BDEC32C7850AC383E0A7E5 /* Pods-hipchon.release.xcconfig */;
			buildSettings = {
				ASSETCATALOG_COMPILER_APPICON_NAME = AppIcon;
				ASSETCATALOG_COMPILER_GLOBAL_ACCENT_COLOR_NAME = AccentColor;
				CODE_SIGN_STYLE = Automatic;
				CURRENT_PROJECT_VERSION = 1;
				DEVELOPMENT_TEAM = SPJ3VZVK78;
				GENERATE_INFOPLIST_FILE = YES;
				INFOPLIST_FILE = hipchon/Info.plist;
				INFOPLIST_KEY_UIApplicationSupportsIndirectInputEvents = YES;
				INFOPLIST_KEY_UILaunchStoryboardName = LaunchScreen;
				INFOPLIST_KEY_UISupportedInterfaceOrientations_iPad = "UIInterfaceOrientationPortrait UIInterfaceOrientationPortraitUpsideDown UIInterfaceOrientationLandscapeLeft UIInterfaceOrientationLandscapeRight";
				INFOPLIST_KEY_UISupportedInterfaceOrientations_iPhone = "UIInterfaceOrientationPortrait UIInterfaceOrientationLandscapeLeft UIInterfaceOrientationLandscapeRight";
				LD_RUNPATH_SEARCH_PATHS = (
					"$(inherited)",
					"@executable_path/Frameworks",
				);
				MARKETING_VERSION = 1.0;
				PRODUCT_BUNDLE_IDENTIFIER = beomsoo.hipchon;
				PRODUCT_NAME = "$(TARGET_NAME)";
				SWIFT_EMIT_LOC_STRINGS = YES;
				SWIFT_VERSION = 5.0;
				TARGETED_DEVICE_FAMILY = "1,2";
			};
			name = Release;
		};
/* End XCBuildConfiguration section */

/* Begin XCConfigurationList section */
		D88FAF7427A67D6F00E41F4F /* Build configuration list for PBXProject "hipchon" */ = {
			isa = XCConfigurationList;
			buildConfigurations = (
				D88FAF8B27A67D7100E41F4F /* Debug */,
				D88FAF8C27A67D7100E41F4F /* Release */,
			);
			defaultConfigurationIsVisible = 0;
			defaultConfigurationName = Release;
		};
		D88FAF8D27A67D7100E41F4F /* Build configuration list for PBXNativeTarget "hipchon" */ = {
			isa = XCConfigurationList;
			buildConfigurations = (
				D88FAF8E27A67D7100E41F4F /* Debug */,
				D88FAF8F27A67D7100E41F4F /* Release */,
			);
			defaultConfigurationIsVisible = 0;
			defaultConfigurationName = Release;
		};
/* End XCConfigurationList section */
	};
	rootObject = D88FAF7127A67D6F00E41F4F /* Project object */;
}
